{
  "name": "walmart-test",
  "lockfileVersion": 3,
  "requires": true,
  "packages": {
    "": {
      "dependencies": {
        "@types/google-apps-script": "^1.0.85"
      }
    },
    "node_modules/@types/google-apps-script": {
      "version": "1.0.85",
      "resolved": "https://registry.npmjs.org/@types/google-apps-script/-/google-apps-script-1.0.85.tgz",
      "integrity": "sha512-O5w3PxI75uqU4d7t24ukQtU87OZ2j0vQp3VWmx9sJ6PTwBRvGhMA+qWShKNetofI8TYaVd8tFzBQXgv3e7ycCQ==",
      "license": "MIT"
    }
  }
}
